
Microsoft Visual Studio Solution File, Format Version 12.00
# Visual Studio Version 17
VisualStudioVersion = 17.4.33110.190
MinimumVisualStudioVersion = 10.0.40219.1
Project("{FAE04EC0-301F-11D3-BF4B-00C04F79EFBC}") = "Antylabirynt", "Antylabirynt\Antylabirynt.csproj", "{F555A4FB-7359-4832-A2E2-CD46B9C87D85}"
EndProject
Global
	GlobalSection(SolutionConfigurationPlatforms) = preSolution
		Debug|Any CPU = Debug|Any CPU
		Release|Any CPU = Release|Any CPU
	EndGlobalSection
	GlobalSection(ProjectConfigurationPlatforms) = postSolution
		{F555A4FB-7359-4832-A2E2-CD46B9C87D85}.Debug|Any CPU.ActiveCfg = Debug|Any CPU
		{F555A4FB-7359-4832-A2E2-CD46B9C87D85}.Debug|Any CPU.Build.0 = Debug|Any CPU
		{F555A4FB-7359-4832-A2E2-CD46B9C87D85}.Release|Any CPU.ActiveCfg = Release|Any CPU
		{F555A4FB-7359-4832-A2E2-CD46B9C87D85}.Release|Any CPU.Build.0 = Release|Any CPU
	EndGlobalSection
	GlobalSection(SolutionProperties) = preSolution
		HideSolutionNode = FALSE
	EndGlobalSection
	GlobalSection(ExtensibilityGlobals) = postSolution
		SolutionGuid = {6E4D2B15-EF12-4577-B031-5B403A0B5290}
	EndGlobalSection
EndGlobal
